
Microsoft Visual Studio Solution File, Format Version 12.00
# Visual Studio Version 16
VisualStudioVersion = 16.0.30503.244
MinimumVisualStudioVersion = 10.0.40219.1
Project("{FAE04EC0-301F-11D3-BF4B-00C04F79EFBC}") = "temp-canvas-packager", "temp-canvas-packager\temp-canvas-packager.csproj", "{699F9CF2-360D-42E2-A99F-F4AE1087B745}"
EndProject
Global
	GlobalSection(SolutionConfigurationPlatforms) = preSolution
		Debug|Any CPU = Debug|Any CPU
		Release|Any CPU = Release|Any CPU
	EndGlobalSection
	GlobalSection(ProjectConfigurationPlatforms) = postSolution
		{699F9CF2-360D-42E2-A99F-F4AE1087B745}.Debug|Any CPU.ActiveCfg = Debug|Any CPU
		{699F9CF2-360D-42E2-A99F-F4AE1087B745}.Debug|Any CPU.Build.0 = Debug|Any CPU
		{699F9CF2-360D-42E2-A99F-F4AE1087B745}.Release|Any CPU.ActiveCfg = Release|Any CPU
		{699F9CF2-360D-42E2-A99F-F4AE1087B745}.Release|Any CPU.Build.0 = Release|Any CPU
	EndGlobalSection
	GlobalSection(SolutionProperties) = preSolution
		HideSolutionNode = FALSE
	EndGlobalSection
	GlobalSection(ExtensibilityGlobals) = postSolution
		SolutionGuid = {81A00ADB-8D95-4AF7-B3A6-F84A68A280F8}
	EndGlobalSection
EndGlobal
