
Microsoft Visual Studio Solution File, Format Version 12.00
# Visual Studio Version 16
VisualStudioVersion = 16.0.32901.82
MinimumVisualStudioVersion = 10.0.40219.1
Project("{9A19103F-16F7-4668-BE54-9A1E7A4F7556}") = "Cat.Plugins", "Cat.Plugins.csproj", "{6363C778-FC75-46C9-A718-8326477E65C9}"
EndProject
Project("{FAE04EC0-301F-11D3-BF4B-00C04F79EFBC}") = "Cat.Plugins.Helper", "..\cat.plugins.helper\Cat.Plugins.Helper.csproj", "{C43A6D55-8BEE-4C18-8090-B876A65366E0}"
EndProject
Project("{FAE04EC0-301F-11D3-BF4B-00C04F79EFBC}") = "Cat.Plugins.Test", "..\cat.plugins.test\Cat.Plugins.Test.csproj", "{F17A6732-8578-4C97-B0E0-B9C25649E10C}"
EndProject
Global
	GlobalSection(SolutionConfigurationPlatforms) = preSolution
		Debug|Any CPU = Debug|Any CPU
		Release|Any CPU = Release|Any CPU
	EndGlobalSection
	GlobalSection(ProjectConfigurationPlatforms) = postSolution
		{6363C778-FC75-46C9-A718-8326477E65C9}.Debug|Any CPU.ActiveCfg = Debug|Any CPU
		{6363C778-FC75-46C9-A718-8326477E65C9}.Debug|Any CPU.Build.0 = Debug|Any CPU
		{6363C778-FC75-46C9-A718-8326477E65C9}.Release|Any CPU.ActiveCfg = Release|Any CPU
		{6363C778-FC75-46C9-A718-8326477E65C9}.Release|Any CPU.Build.0 = Release|Any CPU
		{C43A6D55-8BEE-4C18-8090-B876A65366E0}.Debug|Any CPU.ActiveCfg = Debug|Any CPU
		{C43A6D55-8BEE-4C18-8090-B876A65366E0}.Debug|Any CPU.Build.0 = Debug|Any CPU
		{C43A6D55-8BEE-4C18-8090-B876A65366E0}.Release|Any CPU.ActiveCfg = Release|Any CPU
		{C43A6D55-8BEE-4C18-8090-B876A65366E0}.Release|Any CPU.Build.0 = Release|Any CPU
		{F17A6732-8578-4C97-B0E0-B9C25649E10C}.Debug|Any CPU.ActiveCfg = Debug|Any CPU
		{F17A6732-8578-4C97-B0E0-B9C25649E10C}.Debug|Any CPU.Build.0 = Debug|Any CPU
		{F17A6732-8578-4C97-B0E0-B9C25649E10C}.Release|Any CPU.ActiveCfg = Release|Any CPU
		{F17A6732-8578-4C97-B0E0-B9C25649E10C}.Release|Any CPU.Build.0 = Release|Any CPU
	EndGlobalSection
	GlobalSection(SolutionProperties) = preSolution
		HideSolutionNode = FALSE
	EndGlobalSection
	GlobalSection(ExtensibilityGlobals) = postSolution
		SolutionGuid = {0D3B155C-5FDF-434B-BDF2-76635F251665}
	EndGlobalSection
EndGlobal
