
Microsoft Visual Studio Solution File, Format Version 12.00
# Visual Studio Version 16
VisualStudioVersion = 16.0.32602.291
MinimumVisualStudioVersion = 10.0.40219.1
Project("{FAE04EC0-301F-11D3-BF4B-00C04F79EFBC}") = "alm-plugins", "alm-plugins\alm-plugins.csproj", "{1574123D-55A4-43F0-AE6D-8687A1588432}"
EndProject
Global
	GlobalSection(SolutionConfigurationPlatforms) = preSolution
		Debug|Any CPU = Debug|Any CPU
		Release|Any CPU = Release|Any CPU
	EndGlobalSection
	GlobalSection(ProjectConfigurationPlatforms) = postSolution
		{1574123D-55A4-43F0-AE6D-8687A1588432}.Debug|Any CPU.ActiveCfg = Debug|Any CPU
		{1574123D-55A4-43F0-AE6D-8687A1588432}.Debug|Any CPU.Build.0 = Debug|Any CPU
		{1574123D-55A4-43F0-AE6D-8687A1588432}.Release|Any CPU.ActiveCfg = Release|Any CPU
		{1574123D-55A4-43F0-AE6D-8687A1588432}.Release|Any CPU.Build.0 = Release|Any CPU
	EndGlobalSection
	GlobalSection(SolutionProperties) = preSolution
		HideSolutionNode = FALSE
	EndGlobalSection
	GlobalSection(ExtensibilityGlobals) = postSolution
		SolutionGuid = {6AB1650B-3AE3-45C3-8E37-EFE9E20ABCA6}
	EndGlobalSection
EndGlobal
