
Microsoft Visual Studio Solution File, Format Version 12.00
# Visual Studio Version 17
VisualStudioVersion = 17.5.33627.172
MinimumVisualStudioVersion = 10.0.40219.1
Project("{FAE04EC0-301F-11D3-BF4B-00C04F79EFBC}") = "PCAT.Plugins", "PCAT.Plugins\PCAT.Plugins.csproj", "{379C1C24-93DA-4050-8BEC-F81EBAD157CF}"
EndProject
Project("{FAE04EC0-301F-11D3-BF4B-00C04F79EFBC}") = "PCAT.Plugins.Tests", "PCAT.Plugins.Tests\PCAT.Plugins.Tests.csproj", "{66F3EC32-DEAD-44D3-831C-F11070C59A84}"
EndProject
Global
	GlobalSection(SolutionConfigurationPlatforms) = preSolution
		Debug|Any CPU = Debug|Any CPU
		Release|Any CPU = Release|Any CPU
	EndGlobalSection
	GlobalSection(ProjectConfigurationPlatforms) = postSolution
		{379C1C24-93DA-4050-8BEC-F81EBAD157CF}.Debug|Any CPU.ActiveCfg = Debug|Any CPU
		{379C1C24-93DA-4050-8BEC-F81EBAD157CF}.Debug|Any CPU.Build.0 = Debug|Any CPU
		{379C1C24-93DA-4050-8BEC-F81EBAD157CF}.Release|Any CPU.ActiveCfg = Release|Any CPU
		{379C1C24-93DA-4050-8BEC-F81EBAD157CF}.Release|Any CPU.Build.0 = Release|Any CPU
		{66F3EC32-DEAD-44D3-831C-F11070C59A84}.Debug|Any CPU.ActiveCfg = Debug|Any CPU
		{66F3EC32-DEAD-44D3-831C-F11070C59A84}.Debug|Any CPU.Build.0 = Debug|Any CPU
		{66F3EC32-DEAD-44D3-831C-F11070C59A84}.Release|Any CPU.ActiveCfg = Release|Any CPU
		{66F3EC32-DEAD-44D3-831C-F11070C59A84}.Release|Any CPU.Build.0 = Release|Any CPU
	EndGlobalSection
	GlobalSection(SolutionProperties) = preSolution
		HideSolutionNode = FALSE
	EndGlobalSection
	GlobalSection(ExtensibilityGlobals) = postSolution
		SolutionGuid = {B4E0DEA9-4F85-4C06-BB4E-25DBDC8743B2}
	EndGlobalSection
EndGlobal
