
Microsoft Visual Studio Solution File, Format Version 12.00
# Visual Studio Version 16
VisualStudioVersion = 16.0.33529.622
MinimumVisualStudioVersion = 10.0.40219.1
Project("{9A19103F-16F7-4668-BE54-9A1E7A4F7556}") = "PCATPlugins", "PCATPlugins\PCATPlugins.csproj", "{590AE228-0191-4F47-80B6-A47EA0986E61}"
EndProject
Project("{FAE04EC0-301F-11D3-BF4B-00C04F79EFBC}") = "PCATPluginTests", "PCATPluginTests\PCATPluginTests.csproj", "{D633D065-5775-48EB-AD30-E5758BC53DC3}"
EndProject
Global
	GlobalSection(SolutionConfigurationPlatforms) = preSolution
		Debug|Any CPU = Debug|Any CPU
		Release|Any CPU = Release|Any CPU
	EndGlobalSection
	GlobalSection(ProjectConfigurationPlatforms) = postSolution
		{590AE228-0191-4F47-80B6-A47EA0986E61}.Debug|Any CPU.ActiveCfg = Debug|Any CPU
		{590AE228-0191-4F47-80B6-A47EA0986E61}.Debug|Any CPU.Build.0 = Debug|Any CPU
		{590AE228-0191-4F47-80B6-A47EA0986E61}.Release|Any CPU.ActiveCfg = Release|Any CPU
		{590AE228-0191-4F47-80B6-A47EA0986E61}.Release|Any CPU.Build.0 = Release|Any CPU
		{D633D065-5775-48EB-AD30-E5758BC53DC3}.Debug|Any CPU.ActiveCfg = Debug|Any CPU
		{D633D065-5775-48EB-AD30-E5758BC53DC3}.Debug|Any CPU.Build.0 = Debug|Any CPU
		{D633D065-5775-48EB-AD30-E5758BC53DC3}.Release|Any CPU.ActiveCfg = Release|Any CPU
		{D633D065-5775-48EB-AD30-E5758BC53DC3}.Release|Any CPU.Build.0 = Release|Any CPU
	EndGlobalSection
	GlobalSection(SolutionProperties) = preSolution
		HideSolutionNode = FALSE
	EndGlobalSection
	GlobalSection(ExtensibilityGlobals) = postSolution
		SolutionGuid = {4EBE744A-B4B4-49E7-9AA6-0E72C84A394A}
	EndGlobalSection
EndGlobal
